
Microsoft Visual Studio Solution File, Format Version 12.00
# Visual Studio Version 16
VisualStudioVersion = 16.0.29519.87
MinimumVisualStudioVersion = 10.0.40219.1
Project("{9A19103F-16F7-4668-BE54-9A1E7A4F7556}") = "Employee_Traverse", "Employee_Traverse\Employee_Traverse.csproj", "{FA600DD2-3CCD-47DC-BC3D-53D5092D6016}"
EndProject
Project("{FAE04EC0-301F-11D3-BF4B-00C04F79EFBC}") = "Employee_Tests", "Employee_Tests\Employee_Tests.csproj", "{F56A307A-4413-42A8-BEF5-3D608E792C40}"
EndProject
Global
	GlobalSection(SolutionConfigurationPlatforms) = preSolution
		Debug|Any CPU = Debug|Any CPU
		Release|Any CPU = Release|Any CPU
	EndGlobalSection
	GlobalSection(ProjectConfigurationPlatforms) = postSolution
		{FA600DD2-3CCD-47DC-BC3D-53D5092D6016}.Debug|Any CPU.ActiveCfg = Debug|Any CPU
		{FA600DD2-3CCD-47DC-BC3D-53D5092D6016}.Debug|Any CPU.Build.0 = Debug|Any CPU
		{FA600DD2-3CCD-47DC-BC3D-53D5092D6016}.Release|Any CPU.ActiveCfg = Release|Any CPU
		{FA600DD2-3CCD-47DC-BC3D-53D5092D6016}.Release|Any CPU.Build.0 = Release|Any CPU
		{F56A307A-4413-42A8-BEF5-3D608E792C40}.Debug|Any CPU.ActiveCfg = Debug|Any CPU
		{F56A307A-4413-42A8-BEF5-3D608E792C40}.Debug|Any CPU.Build.0 = Debug|Any CPU
		{F56A307A-4413-42A8-BEF5-3D608E792C40}.Release|Any CPU.ActiveCfg = Release|Any CPU
		{F56A307A-4413-42A8-BEF5-3D608E792C40}.Release|Any CPU.Build.0 = Release|Any CPU
	EndGlobalSection
	GlobalSection(SolutionProperties) = preSolution
		HideSolutionNode = FALSE
	EndGlobalSection
	GlobalSection(ExtensibilityGlobals) = postSolution
		SolutionGuid = {FD6DD28D-862A-41D9-8AA8-DAB8037404D5}
	EndGlobalSection
EndGlobal
